
Microsoft Visual Studio Solution File, Format Version 12.00
# Visual Studio Version 17
VisualStudioVersion = 17.10.35013.160
MinimumVisualStudioVersion = 10.0.40219.1
Project("{FAE04EC0-301F-11D3-BF4B-00C04F79EFBC}") = "BennerLogic", "BennerLogic\BennerLogic.csproj", "{E4F4CB58-709F-428E-B8A5-0DF465FC2D63}"
EndProject
Global
	GlobalSection(SolutionConfigurationPlatforms) = preSolution
		Debug|Any CPU = Debug|Any CPU
		Release|Any CPU = Release|Any CPU
	EndGlobalSection
	GlobalSection(ProjectConfigurationPlatforms) = postSolution
		{E4F4CB58-709F-428E-B8A5-0DF465FC2D63}.Debug|Any CPU.ActiveCfg = Debug|Any CPU
		{E4F4CB58-709F-428E-B8A5-0DF465FC2D63}.Debug|Any CPU.Build.0 = Debug|Any CPU
		{E4F4CB58-709F-428E-B8A5-0DF465FC2D63}.Release|Any CPU.ActiveCfg = Release|Any CPU
		{E4F4CB58-709F-428E-B8A5-0DF465FC2D63}.Release|Any CPU.Build.0 = Release|Any CPU
	EndGlobalSection
	GlobalSection(SolutionProperties) = preSolution
		HideSolutionNode = FALSE
	EndGlobalSection
	GlobalSection(ExtensibilityGlobals) = postSolution
		SolutionGuid = {93A4901B-19E6-4BF4-B782-252D78657B9E}
	EndGlobalSection
EndGlobal
